
Microsoft Visual Studio Solution File, Format Version 12.00
# Visual Studio 2013
VisualStudioVersion = 12.0.30723.0
MinimumVisualStudioVersion = 10.0.40219.1
Project("{FAE04EC0-301F-11D3-BF4B-00C04F79EFBC}") = "MyTestApp", "MyTestApp\MyTestApp.csproj", "{0302B3B4-2A2E-45DC-B798-5D2D5A95624C}"
EndProject
Project("{FAE04EC0-301F-11D3-BF4B-00C04F79EFBC}") = "MyTestApp.UnitTests", "MyTestApp.UnitTests\MyTestApp.UnitTests.csproj", "{0ABF457F-F66A-41D5-850C-CD4BB80314C6}"
EndProject
Global
	GlobalSection(SolutionConfigurationPlatforms) = preSolution
		Debug|Any CPU = Debug|Any CPU
		Release|Any CPU = Release|Any CPU
	EndGlobalSection
	GlobalSection(ProjectConfigurationPlatforms) = postSolution
		{0302B3B4-2A2E-45DC-B798-5D2D5A95624C}.Debug|Any CPU.ActiveCfg = Debug|Any CPU
		{0302B3B4-2A2E-45DC-B798-5D2D5A95624C}.Debug|Any CPU.Build.0 = Debug|Any CPU
		{0302B3B4-2A2E-45DC-B798-5D2D5A95624C}.Release|Any CPU.ActiveCfg = Release|Any CPU
		{0302B3B4-2A2E-45DC-B798-5D2D5A95624C}.Release|Any CPU.Build.0 = Release|Any CPU
		{0ABF457F-F66A-41D5-850C-CD4BB80314C6}.Debug|Any CPU.ActiveCfg = Debug|Any CPU
		{0ABF457F-F66A-41D5-850C-CD4BB80314C6}.Debug|Any CPU.Build.0 = Debug|Any CPU
		{0ABF457F-F66A-41D5-850C-CD4BB80314C6}.Release|Any CPU.ActiveCfg = Release|Any CPU
		{0ABF457F-F66A-41D5-850C-CD4BB80314C6}.Release|Any CPU.Build.0 = Release|Any CPU
	EndGlobalSection
	GlobalSection(SolutionProperties) = preSolution
		HideSolutionNode = FALSE
	EndGlobalSection
EndGlobal
